<?xml version="1.0" encoding="utf-8"?>
<Project ToolsVersion="4.0" xmlns="http://schemas.microsoft.com/developer/msbuild/2003">
  <ItemGroup>
    <Filter Include="源文件">
      <UniqueIdentifier>{4FC737F1-C7A5-4376-A066-2A32D752A2FF}</UniqueIdentifier>
      <Extensions>cpp;c;cc;cxx;def;odl;idl;hpj;bat;asm;asmx</Extensions>
    </Filter>
    <Filter Include="头文件">
      <UniqueIdentifier>{93995380-89BD-4b04-88EB-625FBE52EBFB}</UniqueIdentifier>
      <Extensions>h;hpp;hxx;hm;inl;inc;xsd</Extensions>
    </Filter>
    <Filter Include="资源文件">
      <UniqueIdentifier>{67DA6AB6-F800-4c08-8B7A-83BB121AAD01}</UniqueIdentifier>
      <Extensions>rc;ico;cur;bmp;dlg;rc2;rct;bin;rgs;gif;jpg;jpeg;jpe;resx;tiff;tif;png;wav</Extensions>
    </Filter>
  </ItemGroup>
  <ItemGroup>
    <ClCompile Include="binary_search_rotate.cpp">
      <Filter>源文件</Filter>
    </ClCompile>
    <ClCompile Include="btree_to_dlink.cpp">
      <Filter>源文件</Filter>
    </ClCompile>
    <ClCompile Include="compress.cpp">
      <Filter>源文件</Filter>
    </ClCompile>
    <ClCompile Include="compute_array.cpp">
      <Filter>源文件</Filter>
    </ClCompile>
    <ClCompile Include="coroutine.cpp">
      <Filter>源文件</Filter>
    </ClCompile>
    <ClCompile Include="create_binary_tree.cpp">
      <Filter>源文件</Filter>
    </ClCompile>
    <ClCompile Include="ismatch.cpp">
      <Filter>源文件</Filter>
    </ClCompile>
    <ClCompile Include="Josephson.cpp">
      <Filter>源文件</Filter>
    </ClCompile>
    <ClCompile Include="localfunction.cpp">
      <Filter>源文件</Filter>
    </ClCompile>
    <ClCompile Include="match.cpp">
      <Filter>源文件</Filter>
    </ClCompile>
    <ClCompile Include="parent_node.cpp">
      <Filter>源文件</Filter>
    </ClCompile>
    <ClCompile Include="print_list.cpp">
      <Filter>源文件</Filter>
    </ClCompile>
    <ClCompile Include="swap_string.cpp">
      <Filter>源文件</Filter>
    </ClCompile>
    <ClCompile Include="test_internal.cpp">
      <Filter>源文件</Filter>
    </ClCompile>
    <ClCompile Include="test_metastatemachine.cpp">
      <Filter>源文件</Filter>
    </ClCompile>
    <ClCompile Include="test_msm.cpp">
      <Filter>源文件</Filter>
    </ClCompile>
    <ClCompile Include="test_phoenix.cpp">
      <Filter>源文件</Filter>
    </ClCompile>
    <ClCompile Include="test_ref.cpp">
      <Filter>源文件</Filter>
    </ClCompile>
    <ClCompile Include="test_wave.cpp">
      <Filter>源文件</Filter>
    </ClCompile>
    <ClCompile Include="positive_path_binarynode.cpp">
      <Filter>源文件</Filter>
    </ClCompile>
    <ClCompile Include="prime.cpp">
      <Filter>源文件</Filter>
    </ClCompile>
    <ClCompile Include="stringstream_test.cpp">
      <Filter>源文件</Filter>
    </ClCompile>
    <ClCompile Include="cout.cpp">
      <Filter>源文件</Filter>
    </ClCompile>
    <ClCompile Include="final.cpp">
      <Filter>源文件</Filter>
    </ClCompile>
    <ClCompile Include="left_right_test.cpp">
      <Filter>源文件</Filter>
    </ClCompile>
    <ClCompile Include="matrix_iterator_test.cpp">
      <Filter>源文件</Filter>
    </ClCompile>
    <ClCompile Include="new_test.cpp">
      <Filter>源文件</Filter>
    </ClCompile>
    <ClCompile Include="S_machine.cpp">
      <Filter>源文件</Filter>
    </ClCompile>
    <ClCompile Include="sm.cpp">
      <Filter>源文件</Filter>
    </ClCompile>
    <ClCompile Include="SMatrix_bug_test.cpp">
      <Filter>源文件</Filter>
    </ClCompile>
    <ClCompile Include="SMatrixEntryExit_test.cpp">
      <Filter>源文件</Filter>
    </ClCompile>
    <ClCompile Include="state_machine.cpp">
      <Filter>源文件</Filter>
    </ClCompile>
    <ClCompile Include="time4quarter.cpp">
      <Filter>源文件</Filter>
    </ClCompile>
    <ClCompile Include="timer1q_test.cpp">
      <Filter>源文件</Filter>
    </ClCompile>
    <ClCompile Include="timer2q_test.cpp">
      <Filter>源文件</Filter>
    </ClCompile>
    <ClCompile Include="timer3q_test.cpp">
      <Filter>源文件</Filter>
    </ClCompile>
    <ClCompile Include="vc2005_test.cpp">
      <Filter>源文件</Filter>
    </ClCompile>
    <ClCompile Include="volatile_test.cpp">
      <Filter>源文件</Filter>
    </ClCompile>
  </ItemGroup>
  <ItemGroup>
    <ClInclude Include="complete_btree.h">
      <Filter>头文件</Filter>
    </ClInclude>
    <ClInclude Include="test_wave.h">
      <Filter>头文件</Filter>
    </ClInclude>
  </ItemGroup>
</Project>